
Microsoft Visual Studio Solution File, Format Version 12.00
# Visual Studio Version 16
VisualStudioVersion = 25.0.1706.13
MinimumVisualStudioVersion = 10.0.40219.1
Project("{FAE04EC0-301F-11D3-BF4B-00C04F79EFBC}") = "Medical.Api", "Medical.Api\Medical.Api.csproj", "{5DF610E8-7126-4BF7-9557-B9AF63AB645E}"
EndProject
Project("{FAE04EC0-301F-11D3-BF4B-00C04F79EFBC}") = "Medical.Core", "Medical.Core\Medical.Core.csproj", "{603E3D53-C727-490B-913E-8C3B4B61A79D}"
EndProject
Project("{FAE04EC0-301F-11D3-BF4B-00C04F79EFBC}") = "Medical.Data", "Medical.Data\Medical.Data.csproj", "{E5E9E52C-7678-4FD3-8DF1-4DC2FBD6D6D7}"
EndProject
Project("{FAE04EC0-301F-11D3-BF4B-00C04F79EFBC}") = "Medical.Service", "Medical.Service\Medical.Service.csproj", "{5B936411-290D-402B-B200-55835F35B4D3}"
EndProject
Global
	GlobalSection(SolutionConfigurationPlatforms) = preSolution
		Debug|Any CPU = Debug|Any CPU
		Release|Any CPU = Release|Any CPU
	EndGlobalSection
	GlobalSection(ProjectConfigurationPlatforms) = postSolution
		{5DF610E8-7126-4BF7-9557-B9AF63AB645E}.Debug|Any CPU.ActiveCfg = Debug|Any CPU
		{5DF610E8-7126-4BF7-9557-B9AF63AB645E}.Debug|Any CPU.Build.0 = Debug|Any CPU
		{5DF610E8-7126-4BF7-9557-B9AF63AB645E}.Release|Any CPU.ActiveCfg = Release|Any CPU
		{5DF610E8-7126-4BF7-9557-B9AF63AB645E}.Release|Any CPU.Build.0 = Release|Any CPU
		{603E3D53-C727-490B-913E-8C3B4B61A79D}.Debug|Any CPU.ActiveCfg = Debug|Any CPU
		{603E3D53-C727-490B-913E-8C3B4B61A79D}.Debug|Any CPU.Build.0 = Debug|Any CPU
		{603E3D53-C727-490B-913E-8C3B4B61A79D}.Release|Any CPU.ActiveCfg = Release|Any CPU
		{603E3D53-C727-490B-913E-8C3B4B61A79D}.Release|Any CPU.Build.0 = Release|Any CPU
		{E5E9E52C-7678-4FD3-8DF1-4DC2FBD6D6D7}.Debug|Any CPU.ActiveCfg = Debug|Any CPU
		{E5E9E52C-7678-4FD3-8DF1-4DC2FBD6D6D7}.Debug|Any CPU.Build.0 = Debug|Any CPU
		{E5E9E52C-7678-4FD3-8DF1-4DC2FBD6D6D7}.Release|Any CPU.ActiveCfg = Release|Any CPU
		{E5E9E52C-7678-4FD3-8DF1-4DC2FBD6D6D7}.Release|Any CPU.Build.0 = Release|Any CPU
		{5B936411-290D-402B-B200-55835F35B4D3}.Debug|Any CPU.ActiveCfg = Debug|Any CPU
		{5B936411-290D-402B-B200-55835F35B4D3}.Debug|Any CPU.Build.0 = Debug|Any CPU
		{5B936411-290D-402B-B200-55835F35B4D3}.Release|Any CPU.ActiveCfg = Release|Any CPU
		{5B936411-290D-402B-B200-55835F35B4D3}.Release|Any CPU.Build.0 = Release|Any CPU
	EndGlobalSection
	GlobalSection(SolutionProperties) = preSolution
		HideSolutionNode = FALSE
	EndGlobalSection
	GlobalSection(ExtensibilityGlobals) = postSolution
		SolutionGuid = {50FCB426-4B93-4C80-80C1-14A5DFEF97EC}
	EndGlobalSection
EndGlobal
